NeoBundleLock indentLine 9cb94e17354d98d6fb4f59b243144d4d34d0b654
NeoBundleLock lightline.vim 6c64730b04d82f2eeb4c11cc907bf17c13543a93
NeoBundleLock mips.vim 7e24f6b7ce82f3ad1f4429de9077c0b0aa34a893
NeoBundleLock neobundle.vim 75970656edf8a3476cd417e7924a3461ae1045f8
NeoBundleLock taglist.vim 53041fbc45398a9af631a20657e109707a455339
NeoBundleLock vim-easymotion 799491e007515890aff363b6eac5dbc9c5aa7f80
NeoBundleLock vim-fugitive 9835920a3c91236021fc8c88cc4157304e24356b
NeoBundleLock vim-hybrid cc58baabeabc7b83768e25b852bf89c34756bf90
NeoBundleLock vim-repeat 7a6675f092842c8f81e71d5345bd7cdbf3759415
NeoBundleLock vim-surround 2d05440ad23f97a7874ebd9b5de3a0e65d25d85c
NeoBundleLock vimfiler.vim 67a06d544df13901f50423c88af0043db8e8c9bc
NeoBundleLock vimproc.vim aa075b9b56839e1adb08421d2e9837f90e59acad
NeoBundleLock vimwiki 3bd3d9b86036b21aecd69f0a1e572643d626c280
